
Microsoft Visual Studio Solution File, Format Version 12.00
# Visual Studio Version 17
VisualStudioVersion = 17.6.33723.286
MinimumVisualStudioVersion = 10.0.40219.1
Project("{FAE04EC0-301F-11D3-BF4B-00C04F79EFBC}") = "Calculation", "Calculation\Calculation.csproj", "{6DE812E8-628C-44F9-8770-61906DB5DF74}"
EndProject
Global
	GlobalSection(SolutionConfigurationPlatforms) = preSolution
		Debug|Any CPU = Debug|Any CPU
		Release|Any CPU = Release|Any CPU
	EndGlobalSection
	GlobalSection(ProjectConfigurationPlatforms) = postSolution
		{6DE812E8-628C-44F9-8770-61906DB5DF74}.Debug|Any CPU.ActiveCfg = Debug|Any CPU
		{6DE812E8-628C-44F9-8770-61906DB5DF74}.Debug|Any CPU.Build.0 = Debug|Any CPU
		{6DE812E8-628C-44F9-8770-61906DB5DF74}.Release|Any CPU.ActiveCfg = Release|Any CPU
		{6DE812E8-628C-44F9-8770-61906DB5DF74}.Release|Any CPU.Build.0 = Release|Any CPU
	EndGlobalSection
	GlobalSection(SolutionProperties) = preSolution
		HideSolutionNode = FALSE
	EndGlobalSection
	GlobalSection(ExtensibilityGlobals) = postSolution
		SolutionGuid = {030EF2BE-57FF-4F01-BD9B-3F28C5DE5A57}
	EndGlobalSection
EndGlobal
